
Microsoft Visual Studio Solution File, Format Version 12.00
# Visual Studio Version 17
VisualStudioVersion = 17.3.32825.248
MinimumVisualStudioVersion = 10.0.40219.1
Project("{FAE04EC0-301F-11D3-BF4B-00C04F79EFBC}") = "StudentDetails", "StudentDetails\StudentDetails.csproj", "{3E1AC19B-8B04-44DE-AEAB-B300F0D7F8F4}"
EndProject
Global
	GlobalSection(SolutionConfigurationPlatforms) = preSolution
		Debug|Any CPU = Debug|Any CPU
		Release|Any CPU = Release|Any CPU
	EndGlobalSection
	GlobalSection(ProjectConfigurationPlatforms) = postSolution
		{3E1AC19B-8B04-44DE-AEAB-B300F0D7F8F4}.Debug|Any CPU.ActiveCfg = Debug|Any CPU
		{3E1AC19B-8B04-44DE-AEAB-B300F0D7F8F4}.Debug|Any CPU.Build.0 = Debug|Any CPU
		{3E1AC19B-8B04-44DE-AEAB-B300F0D7F8F4}.Release|Any CPU.ActiveCfg = Release|Any CPU
		{3E1AC19B-8B04-44DE-AEAB-B300F0D7F8F4}.Release|Any CPU.Build.0 = Release|Any CPU
	EndGlobalSection
	GlobalSection(SolutionProperties) = preSolution
		HideSolutionNode = FALSE
	EndGlobalSection
	GlobalSection(ExtensibilityGlobals) = postSolution
		SolutionGuid = {59FF3365-20CE-425C-AEFF-D437974754FB}
	EndGlobalSection
EndGlobal
